lockfileVersion: 5.4

specifiers:
  '@j-cake/jcake-utils': latest
  '@j-cake/mkjson': latest
  '@types/jquery': latest
  '@types/lodash': latest
  '@types/mousetrap': latest
  '@types/node': latest
  '@types/react': latest
  '@types/react-dom': latest
  chalk: latest
  esbuild: latest
  jquery: latest
  json5: latest
  lodash: latest
  mousetrap: latest
  react: latest
  react-dom: latest
  typescript: latest

dependencies:
  jquery: 3.6.1
  json5: 2.2.1
  lodash: 4.17.21
  mousetrap: 1.6.5
  react: 18.2.0
  react-dom: 18.2.0_react@18.2.0

devDependencies:
  '@j-cake/jcake-utils': 1.2.0-r1
  '@j-cake/mkjson': 1.4.0
  '@types/jquery': 3.5.14
  '@types/lodash': 4.14.191
  '@types/mousetrap': 1.6.11
  '@types/node': 18.11.11
  '@types/react': 18.0.26
  '@types/react-dom': 18.0.9
  chalk: 5.1.2
  esbuild: 0.16.1
  typescript: 4.9.3

packages:

  /@esbuild/android-arm/0.16.1:
    resolution: {integrity: sha512-zkalq3i2M+l812fhSswRM9FSryXEmoz30bfDlPYOl1ij0hBZd+lU3rRUzHSenU8LpsN/SAgX1d/mwq2dvGO3Qw==}
    engines: {node: '>=12'}
    cpu: [arm]
    os: [android]
    requiresBuild: true
    dev: true
    optional: true

  /@esbuild/android-arm64/0.16.1:
    resolution: {integrity: sha512-BHOqlxpx2UNDHvn6Ldu2QftJXYtXmsagaECew1RiY27hd/wqCx+pz5ByQpNRPyqv5S9uODqtk69LkXpmPqSqJA==}
    engines: {node: '>=12'}
    cpu: [arm64]
    os: [android]
    requiresBuild: true
    dev: true
    optional: true

  /@esbuild/android-x64/0.16.1:
    resolution: {integrity: sha512-/xaEo77WGtykr4+VUHZF78xc/pfmtrfpYb6tJjA5sPCsqynXKdM7Z1E7LoqP7NJZbf5KW8Klm64f9CTIm97R9w==}
    engines: {node: '>=12'}
    cpu: [x64]
    os: [android]
    requiresBuild: true
    dev: true
    optional: true

  /@esbuild/darwin-arm64/0.16.1:
    resolution: {integrity: sha512-vYWHFDhxF4hmOVs1NkanPtbBb2ZcVAkMJan5iImpaL/FA2SfYIFX8IN/W20e7/2DpDxd7XkrP1i5bQUAsyXjsQ==}
    engines: {node: '>=12'}
    cpu: [arm64]
    os: [darwin]
    requiresBuild: true
    dev: true
    optional: true

  /@esbuild/darwin-x64/0.16.1:
    resolution: {integrity: sha512-UFJ8swS3ZiQgT51ll9P3K+WOiYSc3Dw68kbZqXlmF5zwB7p/nx31jilW6ie+UlKIFRw4X0Z1SejwVC6ZpH7PSQ==}
    engines: {node: '>=12'}
    cpu: [x64]
    os: [darwin]
    requiresBuild: true
    dev: true
    optional: true

  /@esbuild/freebsd-arm64/0.16.1:
    resolution: {integrity: sha512-/6kJ0VROu7JYiWMV9EscVHH66HCCDd0Uo3mGjrP6vtscF19f9Prkf3xZJH3AO9OxUOZpfjtZatf9b0OyKVMl6A==}
    engines: {node: '>=12'}
    cpu: [arm64]
    os: [freebsd]
    requiresBuild: true
    dev: true
    optional: true

  /@esbuild/freebsd-x64/0.16.1:
    resolution: {integrity: sha512-BKYAYhsgD/6/mOeOwMSEcTyL9GlFBNr2LkgWEaugUp/oXCC+ScCH/EqphD3Jp5MsMNIk71b0YqDDveDHXuwcLw==}
    engines: {node: '>=12'}
    cpu: [x64]
    os: [freebsd]
    requiresBuild: true
    dev: true
    optional: true

  /@esbuild/linux-arm/0.16.1:
    resolution: {integrity: sha512-ZKBI/JEIjcG9YbERCDR1qPBVjr47+BKGp32Iz2cf00001yhF8mGPhVJse69jR3Wb1RU78BijVKhHPvZewsvAKA==}
    engines: {node: '>=12'}
    cpu: [arm]
    os: [linux]
    requiresBuild: true
    dev: true
    optional: true

  /@esbuild/linux-arm64/0.16.1:
    resolution: {integrity: sha512-3mRaXF3nVjgPcrJOLr3IdidMLolHi3nMO7UQPYX+asKqn3UVnNqD30vlZvg8r1amJ7o5TOHvPXqgHK33ivyMPg==}
    engines: {node: '>=12'}
    cpu: [arm64]
    os: [linux]
    requiresBuild: true
    dev: true
    optional: true

  /@esbuild/linux-ia32/0.16.1:
    resolution: {integrity: sha512-rTiIs5ms38XUb5Bn7hbbkR45CS3rz/hC/IfRE8Uccgzo4qRkf3Zd0Re6IUoCP+DvcTzLPz1VLfDO8VyD7UUI0w==}
    engines: {node: '>=12'}
    cpu: [ia32]
    os: [linux]
    requiresBuild: true
    dev: true
    optional: true

  /@esbuild/linux-loong64/0.16.1:
    resolution: {integrity: sha512-TgUV9ZpMzo9O48AkwJfgx9HJIMnA9kCopAYmjp2y9TPT6Z7Crxrlp2XVkaZ2mxhvrrzVsHlhwfolcj1scXHfKw==}
    engines: {node: '>=12'}
    cpu: [loong64]
    os: [linux]
    requiresBuild: true
    dev: true
    optional: true

  /@esbuild/linux-mips64el/0.16.1:
    resolution: {integrity: sha512-TH6aEzbImbo1iUrdhtRdhgynuuiODx+Ju2DaIq+eUIOLj6Hg47NlcM5hQ3bHVKxflPiGIrGi1DTacrEoQOiOTg==}
    engines: {node: '>=12'}
    cpu: [mips64el]
    os: [linux]
    requiresBuild: true
    dev: true
    optional: true

  /@esbuild/linux-ppc64/0.16.1:
    resolution: {integrity: sha512-//BU2o/gfw6clxJCrU8xa0gxElP18HiAzS/pN1HKzL2ayqz8WinOYEzPOZrqJvkC4u2Qoh5NEiVd98wTr2C9eg==}
    engines: {node: '>=12'}
    cpu: [ppc64]
    os: [linux]
    requiresBuild: true
    dev: true
    optional: true

  /@esbuild/linux-riscv64/0.16.1:
    resolution: {integrity: sha512-pBrrjLBwmlsMR7iNi+W/q5JtfyzlZ97WUxBztZvsGnWBpnmjjgbdPBlwxYbgQAzqzMAsP45j6CJUpGra3SSFiQ==}
    engines: {node: '>=12'}
    cpu: [riscv64]
    os: [linux]
    requiresBuild: true
    dev: true
    optional: true

  /@esbuild/linux-s390x/0.16.1:
    resolution: {integrity: sha512-e4txkDfouCcByJacawPh9M6qmF9TyzJ+Y6Sj4L+Iu7pRBaAldSqI/pQym26XBcawVlmyYhLA51JXVlQdyj3Rlg==}
    engines: {node: '>=12'}
    cpu: [s390x]
    os: [linux]
    requiresBuild: true
    dev: true
    optional: true

  /@esbuild/linux-x64/0.16.1:
    resolution: {integrity: sha512-2kSF6dFTN5HbSgA+htdS69npthoR/FDr8PXc9O6h6RqRN+l7y3u8MlFMu9RSsOOD11FigiBJnzUYcl3QRT9eSA==}
    engines: {node: '>=12'}
    cpu: [x64]
    os: [linux]
    requiresBuild: true
    dev: true
    optional: true

  /@esbuild/netbsd-x64/0.16.1:
    resolution: {integrity: sha512-OkDgqg+drkSEvNOAEPUQrv3g7OlE0hMsLe7on5+GePZvjgQepQ7fQ8T6RGj2nEMGa5Am2Q3jWEVx5lq6bsFpRw==}
    engines: {node: '>=12'}
    cpu: [x64]
    os: [netbsd]
    requiresBuild: true
    dev: true
    optional: true

  /@esbuild/openbsd-x64/0.16.1:
    resolution: {integrity: sha512-YqC0KN4nJoDSIaBVkUYa1FvreYFKu6wOoWGl+lYmcRzw6pj5f96+WSE7+vRiucKpDd52P1CYlnO9yGzSo9eXSw==}
    engines: {node: '>=12'}
    cpu: [x64]
    os: [openbsd]
    requiresBuild: true
    dev: true
    optional: true

  /@esbuild/sunos-x64/0.16.1:
    resolution: {integrity: sha512-KgfRBLjr6W9iyLLAOU58lSJ7/6W7H+KoDV27CGpEv0R5xR2LYMAE2SQ2sE0r2CP1rDa/huu/Uj1RvcVZ5nptqg==}
    engines: {node: '>=12'}
    cpu: [x64]
    os: [sunos]
    requiresBuild: true
    dev: true
    optional: true

  /@esbuild/win32-arm64/0.16.1:
    resolution: {integrity: sha512-UuKMH583a6epN+L6VxbXwYQ/RISJsz8NN05QlV2l0LY8aV79Wty23BkBz0WF5kOK22eXNavgb2sgcZer6Qg+KA==}
    engines: {node: '>=12'}
    cpu: [arm64]
    os: [win32]
    requiresBuild: true
    dev: true
    optional: true

  /@esbuild/win32-ia32/0.16.1:
    resolution: {integrity: sha512-tnno7oPwPfZAyxRguqTi6ehf/s/x8xq1QtB8TLAfSP3DfIaO1U3gHAf5I/AMVlZPMzwtDUvURRfJK/a72cHyZg==}
    engines: {node: '>=12'}
    cpu: [ia32]
    os: [win32]
    requiresBuild: true
    dev: true
    optional: true

  /@esbuild/win32-x64/0.16.1:
    resolution: {integrity: sha512-vxkjnTk2nCxx3eIolisfjvIN0eZj8vp27iF/fh3vQ7GXkEdK/VzbolT8Nl5YsEddrXc5RRJbHulHM0pGuY+VgQ==}
    engines: {node: '>=12'}
    cpu: [x64]
    os: [win32]
    requiresBuild: true
    dev: true
    optional: true

  /@j-cake/jcake-utils/1.2.0-r1:
    resolution: {integrity: sha512-fhBgHTDc+KFRSjrl6+ZnzV62N1QFYd/PLsFAv1XOp75OPkHNJb4FSGijM3/t9Rz0Cp2SQMyUqMUW3GfnxK1Q5w==}
    hasBin: true
    dev: true

  /@j-cake/mkjson/1.4.0:
    resolution: {integrity: sha512-J7pLOIzSCsqCiZjTTk316BGCbCKeOdtbqnmmqoj3CffLyafW9YjesClwWwiS7mWs0ajiniB+44IS58CWCGJchg==}
    hasBin: true
    dependencies:
      '@j-cake/jcake-utils': 1.2.0-r1
      chalk: 5.1.2
      lodash: 4.17.21
      lsdir: link:src/plugins/lsdir/build
    optionalDependencies:
      json5: 2.2.1
    dev: true

  /@types/jquery/3.5.14:
    resolution: {integrity: sha512-X1gtMRMbziVQkErhTQmSe2jFwwENA/Zr+PprCkF63vFq+Yt5PZ4AlKqgmeNlwgn7dhsXEK888eIW2520EpC+xg==}
    dependencies:
      '@types/sizzle': 2.3.3
    dev: true

  /@types/lodash/4.14.191:
    resolution: {integrity: sha512-BdZ5BCCvho3EIXw6wUCXHe7rS53AIDPLE+JzwgT+OsJk53oBfbSmZZ7CX4VaRoN78N+TJpFi9QPlfIVNmJYWxQ==}
    dev: true

  /@types/mousetrap/1.6.11:
    resolution: {integrity: sha512-F0oAily9Q9QQpv9JKxKn0zMKfOo36KHCW7myYsmUyf2t0g+sBTbG3UleTPoguHdE1z3GLFr3p7/wiOio52QFjQ==}
    dev: true

  /@types/node/18.11.11:
    resolution: {integrity: sha512-KJ021B1nlQUBLopzZmPBVuGU9un7WJd/W4ya7Ih02B4Uwky5Nja0yGYav2EfYIk0RR2Q9oVhf60S2XR1BCWJ2g==}
    dev: true

  /@types/prop-types/15.7.5:
    resolution: {integrity: sha512-JCB8C6SnDoQf0cNycqd/35A7MjcnK+ZTqE7judS6o7utxUCg6imJg3QK2qzHKszlTjcj2cn+NwMB2i96ubpj7w==}
    dev: true

  /@types/react-dom/18.0.9:
    resolution: {integrity: sha512-qnVvHxASt/H7i+XG1U1xMiY5t+IHcPGUK7TDMDzom08xa7e86eCeKOiLZezwCKVxJn6NEiiy2ekgX8aQssjIKg==}
    dependencies:
      '@types/react': 18.0.26
    dev: true

  /@types/react/18.0.26:
    resolution: {integrity: sha512-hCR3PJQsAIXyxhTNSiDFY//LhnMZWpNNr5etoCqx/iUfGc5gXWtQR2Phl908jVR6uPXacojQWTg4qRpkxTuGug==}
    dependencies:
      '@types/prop-types': 15.7.5
      '@types/scheduler': 0.16.2
      csstype: 3.1.0
    dev: true

  /@types/scheduler/0.16.2:
    resolution: {integrity: sha512-hppQEBDmlwhFAXKJX2KnWLYu5yMfi91yazPb2l+lbJiwW+wdo1gNeRA+3RgNSO39WYX2euey41KEwnqesU2Jew==}
    dev: true

  /@types/sizzle/2.3.3:
    resolution: {integrity: sha512-JYM8x9EGF163bEyhdJBpR2QX1R5naCJHC8ucJylJ3w9/CVBaskdQ8WqBf8MmQrd1kRvp/a4TS8HJ+bxzR7ZJYQ==}
    dev: true

  /chalk/5.1.2:
    resolution: {integrity: sha512-E5CkT4jWURs1Vy5qGJye+XwCkNj7Od3Af7CP6SujMetSMkLs8Do2RWJK5yx1wamHV/op8Rz+9rltjaTQWDnEFQ==}
    engines: {node: ^12.17.0 || ^14.13 || >=16.0.0}
    dev: true

  /csstype/3.1.0:
    resolution: {integrity: sha512-uX1KG+x9h5hIJsaKR9xHUeUraxf8IODOwq9JLNPq6BwB04a/xgpq3rcx47l5BZu5zBPlgD342tdke3Hom/nJRA==}
    dev: true

  /esbuild/0.16.1:
    resolution: {integrity: sha512-XbnT9SXFcijZ9GYsay7z69rzSWKlW+Ze7+ULEecEkVAkDyzfA6DLbqGp//6F4hUh3FOydco8xQEejE6LxI1kyQ==}
    engines: {node: '>=12'}
    hasBin: true
    requiresBuild: true
    optionalDependencies:
      '@esbuild/android-arm': 0.16.1
      '@esbuild/android-arm64': 0.16.1
      '@esbuild/android-x64': 0.16.1
      '@esbuild/darwin-arm64': 0.16.1
      '@esbuild/darwin-x64': 0.16.1
      '@esbuild/freebsd-arm64': 0.16.1
      '@esbuild/freebsd-x64': 0.16.1
      '@esbuild/linux-arm': 0.16.1
      '@esbuild/linux-arm64': 0.16.1
      '@esbuild/linux-ia32': 0.16.1
      '@esbuild/linux-loong64': 0.16.1
      '@esbuild/linux-mips64el': 0.16.1
      '@esbuild/linux-ppc64': 0.16.1
      '@esbuild/linux-riscv64': 0.16.1
      '@esbuild/linux-s390x': 0.16.1
      '@esbuild/linux-x64': 0.16.1
      '@esbuild/netbsd-x64': 0.16.1
      '@esbuild/openbsd-x64': 0.16.1
      '@esbuild/sunos-x64': 0.16.1
      '@esbuild/win32-arm64': 0.16.1
      '@esbuild/win32-ia32': 0.16.1
      '@esbuild/win32-x64': 0.16.1
    dev: true

  /jquery/3.6.1:
    resolution: {integrity: sha512-opJeO4nCucVnsjiXOE+/PcCgYw9Gwpvs/a6B1LL/lQhwWwpbVEVYDZ1FokFr8PRc7ghYlrFPuyHuiiDNTQxmcw==}
    dev: false

  /js-tokens/4.0.0:
    resolution: {integrity: sha512-RdJUflcE3cUzKiMqQgsCu06FPu9UdIJO0beYbPhHN4k6apgJtifcoCtT9bcxOpYBtpD2kCM6Sbzg4CausW/PKQ==}
    dev: false

  /json5/2.2.1:
    resolution: {integrity: sha512-1hqLFMSrGHRHxav9q9gNjJ5EXznIxGVO09xQRrwplcS8qs28pZ8s8hupZAmqDwZUmVZ2Qb2jnyPOWcDH8m8dlA==}
    engines: {node: '>=6'}
    hasBin: true

  /lodash/4.17.21:
    resolution: {integrity: sha512-v2kDEe57lecTulaDIuNTPy3Ry4gLGJ6Z1O3vE1krgXZNrsQ+LFTGHVxVjcXPs17LhbZVGedAJv8XZ1tvj5FvSg==}

  /loose-envify/1.4.0:
    resolution: {integrity: sha512-lyuxPGr/Wfhrlem2CL/UcnUc1zcqKAImBDzukY7Y5F/yQiNdko6+fRLevlw1HgMySw7f611UIY408EtxRSoK3Q==}
    hasBin: true
    dependencies:
      js-tokens: 4.0.0
    dev: false

  /mousetrap/1.6.5:
    resolution: {integrity: sha512-QNo4kEepaIBwiT8CDhP98umTetp+JNfQYBWvC1pc6/OAibuXtRcxZ58Qz8skvEHYvURne/7R8T5VoOI7rDsEUA==}
    dev: false

  /react-dom/18.2.0_react@18.2.0:
    resolution: {integrity: sha512-6IMTriUmvsjHUjNtEDudZfuDQUoWXVxKHhlEGSk81n4YFS+r/Kl99wXiwlVXtPBtJenozv2P+hxDsw9eA7Xo6g==}
    peerDependencies:
      react: ^18.2.0
    dependencies:
      loose-envify: 1.4.0
      react: 18.2.0
      scheduler: 0.23.0
    dev: false

  /react/18.2.0:
    resolution: {integrity: sha512-/3IjMdb2L9QbBdWiW5e3P2/npwMBaU9mHCSCUzNln0ZCYbcfTsGbTJrU/kGemdH2IWmB2ioZ+zkxtmq6g09fGQ==}
    engines: {node: '>=0.10.0'}
    dependencies:
      loose-envify: 1.4.0
    dev: false

  /scheduler/0.23.0:
    resolution: {integrity: sha512-CtuThmgHNg7zIZWAXi3AsyIzA3n4xx7aNyjwC2VJldO2LMVDhFK+63xGqq6CsJH4rTAt6/M+N4GhZiDYPx9eUw==}
    dependencies:
      loose-envify: 1.4.0
    dev: false

  /typescript/4.9.3:
    resolution: {integrity: sha512-CIfGzTelbKNEnLpLdGFgdyKhG23CKdKgQPOBc+OUNrkJ2vr+KSzsSV5kq5iWhEQbok+quxgGzrAtGWCyU7tHnA==}
    engines: {node: '>=4.2.0'}
    hasBin: true
    dev: true
